// !$*UTF8*$!
{
	archiveVersion = 1;
	classes = {
	};
	objectVersion = 46;
	objects = {

/* Begin PBXBuildFile section */
		2D69A6791C9ED277006F0994 /* AquaticPrime.cpp in Sources */ = {isa = PBXBuildFile; fileRef = 2D69A6761C9ED277006F0994 /* AquaticPrime.cpp */; };
		2D69A67A1C9ED277006F0994 /* main.cpp in Sources */ = {isa = PBXBuildFile; fileRef = 2D69A6781C9ED277006F0994 /* main.cpp */; };
		2D69A67F1C9ED48E006F0994 /* base64.cpp in Sources */ = {isa = PBXBuildFile; fileRef = 2D69A67D1C9ED48E006F0994 /* base64.cpp */; };
		2D69A68B1C9ED61A006F0994 /* base64.cpp in Sources */ = {isa = PBXBuildFile; fileRef = 2D69A67D1C9ED48E006F0994 /* base64.cpp */; };
		2D69A6901C9ED728006F0994 /* base64_tester.cpp in Sources */ = {isa = PBXBuildFile; fileRef = 2D69A68C1C9ED673006F0994 /* base64_tester.cpp */; };
		2DBBDB101C9F0BF5000DE42B /* tinyxml.cpp in Sources */ = {isa = PBXBuildFile; fileRef = 2DBBDB0D1C9F0BF5000DE42B /* tinyxml.cpp */; };
		2DBBDB111C9F0BF5000DE42B /* tinyxmlerror.cpp in Sources */ = {isa = PBXBuildFile; fileRef = 2DBBDB0E1C9F0BF5000DE42B /* tinyxmlerror.cpp */; };
		2DBBDB121C9F0BF5000DE42B /* tinyxmlparser.cpp in Sources */ = {isa = PBXBuildFile; fileRef = 2DBBDB0F1C9F0BF5000DE42B /* tinyxmlparser.cpp */; };
/* End PBXBuildFile section */

/* Begin PBXCopyFilesBuildPhase section */
		2D69A66C1C9ED24E006F0994 /* CopyFiles */ = {
			isa = PBXCopyFilesBuildPhase;
			buildActionMask = 2147483647;
			dstPath = /usr/share/man/man1/;
			dstSubfolderSpec = 0;
			files = (
			);
			runOnlyForDeploymentPostprocessing = 1;
		};
		2D69A6821C9ED560006F0994 /* CopyFiles */ = {
			isa = PBXCopyFilesBuildPhase;
			buildActionMask = 2147483647;
			dstPath = /usr/share/man/man1/;
			dstSubfolderSpec = 0;
			files = (
			);
			runOnlyForDeploymentPostprocessing = 1;
		};
/* End PBXCopyFilesBuildPhase section */

/* Begin PBXFileReference section */
		2D69A66E1C9ED24E006F0994 /* APSTLTester */ = {isa = PBXFileReference; explicitFileType = "compiled.mach-o.executable"; includeInIndex = 0; path = APSTLTester; sourceTree = BUILT_PRODUCTS_DIR; };
		2D69A6761C9ED277006F0994 /* AquaticPrime.cpp */ = {isa = PBXFileReference; fileEncoding = 4; lastKnownFileType = sourcecode.cpp.cpp; path = AquaticPrime.cpp; sourceTree = "<group>"; };
		2D69A6771C9ED277006F0994 /* AquaticPrime.h */ = {isa = PBXFileReference; fileEncoding = 4; lastKnownFileType = sourcecode.c.h; path = AquaticPrime.h; sourceTree = "<group>"; };
		2D69A6781C9ED277006F0994 /* main.cpp */ = {isa = PBXFileReference; fileEncoding = 4; lastKnownFileType = sourcecode.cpp.cpp; path = main.cpp; sourceTree = "<group>"; };
		2D69A67B1C9ED2EA006F0994 /* APSTLTester.xcconfig */ = {isa = PBXFileReference; lastKnownFileType = text.xcconfig; path = APSTLTester.xcconfig; sourceTree = "<group>"; };
		2D69A67C1C9ED416006F0994 /* README.txt */ = {isa = PBXFileReference; fileEncoding = 4; lastKnownFileType = text; path = README.txt; sourceTree = "<group>"; };
		2D69A67D1C9ED48E006F0994 /* base64.cpp */ = {isa = PBXFileReference; fileEncoding = 4; lastKnownFileType = sourcecode.cpp.cpp; path = base64.cpp; sourceTree = "<group>"; };
		2D69A67E1C9ED48E006F0994 /* base64.hpp */ = {isa = PBXFileReference; fileEncoding = 4; lastKnownFileType = sourcecode.cpp.h; path = base64.hpp; sourceTree = "<group>"; };
		2D69A6841C9ED560006F0994 /* Base64Tester */ = {isa = PBXFileReference; explicitFileType = "compiled.mach-o.executable"; includeInIndex = 0; path = Base64Tester; sourceTree = BUILT_PRODUCTS_DIR; };
		2D69A68C1C9ED673006F0994 /* base64_tester.cpp */ = {isa = PBXFileReference; fileEncoding = 4; lastKnownFileType = sourcecode.cpp.cpp; path = base64_tester.cpp; sourceTree = "<group>"; };
		2DBBDB0C1C9F0BE7000DE42B /* tinyxml.h */ = {isa = PBXFileReference; lastKnownFileType = sourcecode.c.h; name = tinyxml.h; path = ../../lib/tinyxml/tinyxml.h; sourceTree = "<group>"; };
		2DBBDB0D1C9F0BF5000DE42B /* tinyxml.cpp */ = {isa = PBXFileReference; fileEncoding = 4; lastKnownFileType = sourcecode.cpp.cpp; name = tinyxml.cpp; path = ../../lib/tinyxml/tinyxml.cpp; sourceTree = "<group>"; };
		2DBBDB0E1C9F0BF5000DE42B /* tinyxmlerror.cpp */ = {isa = PBXFileReference; fileEncoding = 4; lastKnownFileType = sourcecode.cpp.cpp; name = tinyxmlerror.cpp; path = ../../lib/tinyxml/tinyxmlerror.cpp; sourceTree = "<group>"; };
		2DBBDB0F1C9F0BF5000DE42B /* tinyxmlparser.cpp */ = {isa = PBXFileReference; fileEncoding = 4; lastKnownFileType = sourcecode.cpp.cpp; name = tinyxmlparser.cpp; path = ../../lib/tinyxml/tinyxmlparser.cpp; sourceTree = "<group>"; };
/* End PBXFileReference section */

/* Begin PBXFrameworksBuildPhase section */
		2D69A66B1C9ED24E006F0994 /* Frameworks */ = {
			isa = PBXFrameworksBuildPhase;
			buildActionMask = 2147483647;
			files = (
			);
			runOnlyForDeploymentPostprocessing = 0;
		};
		2D69A6811C9ED560006F0994 /* Frameworks */ = {
			isa = PBXFrameworksBuildPhase;
			buildActionMask = 2147483647;
			files = (
			);
			runOnlyForDeploymentPostprocessing = 0;
		};
/* End PBXFrameworksBuildPhase section */

/* Begin PBXGroup section */
		2D69A6631C9ED1F3006F0994 = {
			isa = PBXGroup;
			children = (
				2D69A67C1C9ED416006F0994 /* README.txt */,
				2D69A6911C9EDB0C006F0994 /* tinyxml */,
				2D69A68E1C9ED67B006F0994 /* base64 */,
				2D69A68F1C9ED689006F0994 /* STL */,
				2D69A66F1C9ED24E006F0994 /* Products */,
			);
			sourceTree = "<group>";
		};
		2D69A66F1C9ED24E006F0994 /* Products */ = {
			isa = PBXGroup;
			children = (
				2D69A66E1C9ED24E006F0994 /* APSTLTester */,
				2D69A6841C9ED560006F0994 /* Base64Tester */,
			);
			name = Products;
			sourceTree = "<group>";
		};
		2D69A68E1C9ED67B006F0994 /* base64 */ = {
			isa = PBXGroup;
			children = (
				2D69A68C1C9ED673006F0994 /* base64_tester.cpp */,
				2D69A67D1C9ED48E006F0994 /* base64.cpp */,
				2D69A67E1C9ED48E006F0994 /* base64.hpp */,
			);
			name = base64;
			sourceTree = "<group>";
		};
		2D69A68F1C9ED689006F0994 /* STL */ = {
			isa = PBXGroup;
			children = (
				2D69A67B1C9ED2EA006F0994 /* APSTLTester.xcconfig */,
				2D69A6761C9ED277006F0994 /* AquaticPrime.cpp */,
				2D69A6771C9ED277006F0994 /* AquaticPrime.h */,
				2D69A6781C9ED277006F0994 /* main.cpp */,
			);
			name = STL;
			sourceTree = "<group>";
		};
		2D69A6911C9EDB0C006F0994 /* tinyxml */ = {
			isa = PBXGroup;
			children = (
				2DBBDB0D1C9F0BF5000DE42B /* tinyxml.cpp */,
				2DBBDB0E1C9F0BF5000DE42B /* tinyxmlerror.cpp */,
				2DBBDB0F1C9F0BF5000DE42B /* tinyxmlparser.cpp */,
				2DBBDB0C1C9F0BE7000DE42B /* tinyxml.h */,
			);
			name = tinyxml;
			sourceTree = "<group>";
		};
/* End PBXGroup section */

/* Begin PBXNativeTarget section */
		2D69A66D1C9ED24E006F0994 /* APSTLTester */ = {
			isa = PBXNativeTarget;
			buildConfigurationList = 2D69A6731C9ED24E006F0994 /* Build configuration list for PBXNativeTarget "APSTLTester" */;
			buildPhases = (
				2D69A66A1C9ED24E006F0994 /* Sources */,
				2D69A66B1C9ED24E006F0994 /* Frameworks */,
				2D69A66C1C9ED24E006F0994 /* CopyFiles */,
			);
			buildRules = (
			);
			dependencies = (
			);
			name = APSTLTester;
			productName = APSTLTester;
			productReference = 2D69A66E1C9ED24E006F0994 /* APSTLTester */;
			productType = "com.apple.product-type.tool";
		};
		2D69A6831C9ED560006F0994 /* Base64Tester */ = {
			isa = PBXNativeTarget;
			buildConfigurationList = 2D69A6881C9ED560006F0994 /* Build configuration list for PBXNativeTarget "Base64Tester" */;
			buildPhases = (
				2D69A6801C9ED560006F0994 /* Sources */,
				2D69A6811C9ED560006F0994 /* Frameworks */,
				2D69A6821C9ED560006F0994 /* CopyFiles */,
			);
			buildRules = (
			);
			dependencies = (
			);
			name = Base64Tester;
			productName = Base64Tester;
			productReference = 2D69A6841C9ED560006F0994 /* Base64Tester */;
			productType = "com.apple.product-type.tool";
		};
/* End PBXNativeTarget section */

/* Begin PBXProject section */
		2D69A6641C9ED1F3006F0994 /* Project object */ = {
			isa = PBXProject;
			attributes = {
				LastUpgradeCheck = 0720;
				TargetAttributes = {
					2D69A66D1C9ED24E006F0994 = {
						CreatedOnToolsVersion = 7.2.1;
					};
					2D69A6831C9ED560006F0994 = {
						CreatedOnToolsVersion = 7.2.1;
					};
				};
			};
			buildConfigurationList = 2D69A6671C9ED1F3006F0994 /* Build configuration list for PBXProject "APSTLTester" */;
			compatibilityVersion = "Xcode 3.2";
			developmentRegion = English;
			hasScannedForEncodings = 0;
			knownRegions = (
				en,
			);
			mainGroup = 2D69A6631C9ED1F3006F0994;
			productRefGroup = 2D69A66F1C9ED24E006F0994 /* Products */;
			projectDirPath = "";
			projectRoot = "";
			targets = (
				2D69A66D1C9ED24E006F0994 /* APSTLTester */,
				2D69A6831C9ED560006F0994 /* Base64Tester */,
			);
		};
/* End PBXProject section */

/* Begin PBXSourcesBuildPhase section */
		2D69A66A1C9ED24E006F0994 /* Sources */ = {
			isa = PBXSourcesBuildPhase;
			buildActionMask = 2147483647;
			files = (
				2D69A67A1C9ED277006F0994 /* main.cpp in Sources */,
				2DBBDB101C9F0BF5000DE42B /* tinyxml.cpp in Sources */,
				2D69A6791C9ED277006F0994 /* AquaticPrime.cpp in Sources */,
				2DBBDB111C9F0BF5000DE42B /* tinyxmlerror.cpp in Sources */,
				2DBBDB121C9F0BF5000DE42B /* tinyxmlparser.cpp in Sources */,
				2D69A67F1C9ED48E006F0994 /* base64.cpp in Sources */,
			);
			runOnlyForDeploymentPostprocessing = 0;
		};
		2D69A6801C9ED560006F0994 /* Sources */ = {
			isa = PBXSourcesBuildPhase;
			buildActionMask = 2147483647;
			files = (
				2D69A68B1C9ED61A006F0994 /* base64.cpp in Sources */,
				2D69A6901C9ED728006F0994 /* base64_tester.cpp in Sources */,
			);
			runOnlyForDeploymentPostprocessing = 0;
		};
/* End PBXSourcesBuildPhase section */

/* Begin XCBuildConfiguration section */
		2D69A6681C9ED1F3006F0994 /* Debug */ = {
			isa = XCBuildConfiguration;
			baseConfigurationReference = 2D69A67B1C9ED2EA006F0994 /* APSTLTester.xcconfig */;
			buildSettings = {
			};
			name = Debug;
		};
		2D69A6691C9ED1F3006F0994 /* Release */ = {
			isa = XCBuildConfiguration;
			baseConfigurationReference = 2D69A67B1C9ED2EA006F0994 /* APSTLTester.xcconfig */;
			buildSettings = {
			};
			name = Release;
		};
		2D69A6741C9ED24E006F0994 /* Debug */ = {
			isa = XCBuildConfiguration;
			buildSettings = {
				ALWAYS_SEARCH_USER_PATHS = NO;
				CLANG_CXX_LANGUAGE_STANDARD = "gnu++0x";
				CLANG_CXX_LIBRARY = "libc++";
				CLANG_ENABLE_MODULES = YES;
				CLANG_ENABLE_OBJC_ARC = YES;
				CLANG_WARN_BOOL_CONVERSION = YES;
				CLANG_WARN_CONSTANT_CONVERSION = YES;
				CLANG_WARN_DIRECT_OBJC_ISA_USAGE = YES_ERROR;
				CLANG_WARN_EMPTY_BODY = YES;
				CLANG_WARN_ENUM_CONVERSION = YES;
				CLANG_WARN_INT_CONVERSION = YES;
				CLANG_WARN_OBJC_ROOT_CLASS = YES_ERROR;
				CLANG_WARN_UNREACHABLE_CODE = YES;
				CLANG_WARN__DUPLICATE_METHOD_MATCH = YES;
				CODE_SIGN_IDENTITY = "-";
				COPY_PHASE_STRIP = NO;
				DEBUG_INFORMATION_FORMAT = dwarf;
				ENABLE_STRICT_OBJC_MSGSEND = YES;
				ENABLE_TESTABILITY = YES;
				GCC_C_LANGUAGE_STANDARD = gnu99;
				GCC_DYNAMIC_NO_PIC = NO;
				GCC_NO_COMMON_BLOCKS = YES;
				GCC_OPTIMIZATION_LEVEL = 0;
				GCC_PREPROCESSOR_DEFINITIONS = (
					"DEBUG=1",
					"$(inherited)",
				);
				GCC_WARN_64_TO_32_BIT_CONVERSION = YES;
				GCC_WARN_ABOUT_RETURN_TYPE = YES_ERROR;
				GCC_WARN_UNDECLARED_SELECTOR = YES;
				GCC_WARN_UNINITIALIZED_AUTOS = YES_AGGRESSIVE;
				GCC_WARN_UNUSED_FUNCTION = YES;
				GCC_WARN_UNUSED_VARIABLE = YES;
				MACOSX_DEPLOYMENT_TARGET = 10.11;
				MTL_ENABLE_DEBUG_INFO = YES;
				ONLY_ACTIVE_ARCH = YES;
				PRODUCT_NAME = "$(TARGET_NAME)";
				SDKROOT = macosx;
			};
			name = Debug;
		};
		2D69A6751C9ED24E006F0994 /* Release */ = {
			isa = XCBuildConfiguration;
			buildSettings = {
				ALWAYS_SEARCH_USER_PATHS = NO;
				CLANG_CXX_LANGUAGE_STANDARD = "gnu++0x";
				CLANG_CXX_LIBRARY = "libc++";
				CLANG_ENABLE_MODULES = YES;
				CLANG_ENABLE_OBJC_ARC = YES;
				CLANG_WARN_BOOL_CONVERSION = YES;
				CLANG_WARN_CONSTANT_CONVERSION = YES;
				CLANG_WARN_DIRECT_OBJC_ISA_USAGE = YES_ERROR;
				CLANG_WARN_EMPTY_BODY = YES;
				CLANG_WARN_ENUM_CONVERSION = YES;
				CLANG_WARN_INT_CONVERSION = YES;
				CLANG_WARN_OBJC_ROOT_CLASS = YES_ERROR;
				CLANG_WARN_UNREACHABLE_CODE = YES;
				CLANG_WARN__DUPLICATE_METHOD_MATCH = YES;
				CODE_SIGN_IDENTITY = "-";
				COPY_PHASE_STRIP = NO;
				DEBUG_INFORMATION_FORMAT = "dwarf-with-dsym";
				ENABLE_NS_ASSERTIONS = NO;
				ENABLE_STRICT_OBJC_MSGSEND = YES;
				GCC_C_LANGUAGE_STANDARD = gnu99;
				GCC_NO_COMMON_BLOCKS = YES;
				GCC_WARN_64_TO_32_BIT_CONVERSION = YES;
				GCC_WARN_ABOUT_RETURN_TYPE = YES_ERROR;
				GCC_WARN_UNDECLARED_SELECTOR = YES;
				GCC_WARN_UNINITIALIZED_AUTOS = YES_AGGRESSIVE;
				GCC_WARN_UNUSED_FUNCTION = YES;
				GCC_WARN_UNUSED_VARIABLE = YES;
				MACOSX_DEPLOYMENT_TARGET = 10.11;
				MTL_ENABLE_DEBUG_INFO = NO;
				PRODUCT_NAME = "$(TARGET_NAME)";
				SDKROOT = macosx;
			};
			name = Release;
		};
		2D69A6891C9ED560006F0994 /* Debug */ = {
			isa = XCBuildConfiguration;
			buildSettings = {
				ALWAYS_SEARCH_USER_PATHS = NO;
				CLANG_CXX_LANGUAGE_STANDARD = "gnu++0x";
				CLANG_CXX_LIBRARY = "libc++";
				CLANG_ENABLE_MODULES = YES;
				CLANG_ENABLE_OBJC_ARC = YES;
				CLANG_WARN_BOOL_CONVERSION = YES;
				CLANG_WARN_CONSTANT_CONVERSION = YES;
				CLANG_WARN_DIRECT_OBJC_ISA_USAGE = YES_ERROR;
				CLANG_WARN_EMPTY_BODY = YES;
				CLANG_WARN_ENUM_CONVERSION = YES;
				CLANG_WARN_INT_CONVERSION = YES;
				CLANG_WARN_OBJC_ROOT_CLASS = YES_ERROR;
				CLANG_WARN_UNREACHABLE_CODE = YES;
				CLANG_WARN__DUPLICATE_METHOD_MATCH = YES;
				CODE_SIGN_IDENTITY = "-";
				COPY_PHASE_STRIP = NO;
				DEBUG_INFORMATION_FORMAT = dwarf;
				ENABLE_STRICT_OBJC_MSGSEND = YES;
				ENABLE_TESTABILITY = YES;
				GCC_C_LANGUAGE_STANDARD = gnu99;
				GCC_DYNAMIC_NO_PIC = NO;
				GCC_NO_COMMON_BLOCKS = YES;
				GCC_OPTIMIZATION_LEVEL = 0;
				GCC_PREPROCESSOR_DEFINITIONS = (
					"DEBUG=1",
					"$(inherited)",
				);
				GCC_WARN_64_TO_32_BIT_CONVERSION = YES;
				GCC_WARN_ABOUT_RETURN_TYPE = YES_ERROR;
				GCC_WARN_UNDECLARED_SELECTOR = YES;
				GCC_WARN_UNINITIALIZED_AUTOS = YES_AGGRESSIVE;
				GCC_WARN_UNUSED_FUNCTION = YES;
				GCC_WARN_UNUSED_VARIABLE = YES;
				MACOSX_DEPLOYMENT_TARGET = 10.11;
				MTL_ENABLE_DEBUG_INFO = YES;
				ONLY_ACTIVE_ARCH = YES;
				PRODUCT_NAME = "$(TARGET_NAME)";
				SDKROOT = macosx;
			};
			name = Debug;
		};
		2D69A68A1C9ED560006F0994 /* Release */ = {
			isa = XCBuildConfiguration;
			buildSettings = {
				ALWAYS_SEARCH_USER_PATHS = NO;
				CLANG_CXX_LANGUAGE_STANDARD = "gnu++0x";
				CLANG_CXX_LIBRARY = "libc++";
				CLANG_ENABLE_MODULES = YES;
				CLANG_ENABLE_OBJC_ARC = YES;
				CLANG_WARN_BOOL_CONVERSION = YES;
				CLANG_WARN_CONSTANT_CONVERSION = YES;
				CLANG_WARN_DIRECT_OBJC_ISA_USAGE = YES_ERROR;
				CLANG_WARN_EMPTY_BODY = YES;
				CLANG_WARN_ENUM_CONVERSION = YES;
				CLANG_WARN_INT_CONVERSION = YES;
				CLANG_WARN_OBJC_ROOT_CLASS = YES_ERROR;
				CLANG_WARN_UNREACHABLE_CODE = YES;
				CLANG_WARN__DUPLICATE_METHOD_MATCH = YES;
				CODE_SIGN_IDENTITY = "-";
				COPY_PHASE_STRIP = NO;
				DEBUG_INFORMATION_FORMAT = "dwarf-with-dsym";
				ENABLE_NS_ASSERTIONS = NO;
				ENABLE_STRICT_OBJC_MSGSEND = YES;
				GCC_C_LANGUAGE_STANDARD = gnu99;
				GCC_NO_COMMON_BLOCKS = YES;
				GCC_WARN_64_TO_32_BIT_CONVERSION = YES;
				GCC_WARN_ABOUT_RETURN_TYPE = YES_ERROR;
				GCC_WARN_UNDECLARED_SELECTOR = YES;
				GCC_WARN_UNINITIALIZED_AUTOS = YES_AGGRESSIVE;
				GCC_WARN_UNUSED_FUNCTION = YES;
				GCC_WARN_UNUSED_VARIABLE = YES;
				MACOSX_DEPLOYMENT_TARGET = 10.11;
				MTL_ENABLE_DEBUG_INFO = NO;
				PRODUCT_NAME = "$(TARGET_NAME)";
				SDKROOT = macosx;
			};
			name = Release;
		};
/* End XCBuildConfiguration section */

/* Begin XCConfigurationList section */
		2D69A6671C9ED1F3006F0994 /* Build configuration list for PBXProject "APSTLTester" */ = {
			isa = XCConfigurationList;
			buildConfigurations = (
				2D69A6681C9ED1F3006F0994 /* Debug */,
				2D69A6691C9ED1F3006F0994 /* Release */,
			);
			defaultConfigurationIsVisible = 0;
			defaultConfigurationName = Release;
		};
		2D69A6731C9ED24E006F0994 /* Build configuration list for PBXNativeTarget "APSTLTester" */ = {
			isa = XCConfigurationList;
			buildConfigurations = (
				2D69A6741C9ED24E006F0994 /* Debug */,
				2D69A6751C9ED24E006F0994 /* Release */,
			);
			defaultConfigurationIsVisible = 0;
			defaultConfigurationName = Release;
		};
		2D69A6881C9ED560006F0994 /* Build configuration list for PBXNativeTarget "Base64Tester" */ = {
			isa = XCConfigurationList;
			buildConfigurations = (
				2D69A6891C9ED560006F0994 /* Debug */,
				2D69A68A1C9ED560006F0994 /* Release */,
			);
			defaultConfigurationIsVisible = 0;
			defaultConfigurationName = Release;
		};
/* End XCConfigurationList section */
	};
	rootObject = 2D69A6641C9ED1F3006F0994 /* Project object */;
}
